
Microsoft Visual Studio Solution File, Format Version 12.00
# Visual Studio Version 17
VisualStudioVersion = 17.5.33516.290
MinimumVisualStudioVersion = 10.0.40219.1
Project("{8BC9CEB8-8B4A-11D0-8D11-00A0C91BC942}") = "2021202033_윤성민_ver1", "2021202033_윤성민_ver1.vcxproj", "{2B527BE9-F5A4-42D3-8001-C60C7220ABAF}"
EndProject
Global
	GlobalSection(SolutionConfigurationPlatforms) = preSolution
		Debug|x64 = Debug|x64
		Debug|x86 = Debug|x86
		Release|x64 = Release|x64
		Release|x86 = Release|x86
	EndGlobalSection
	GlobalSection(ProjectConfigurationPlatforms) = postSolution
		{2B527BE9-F5A4-42D3-8001-C60C7220ABAF}.Debug|x64.ActiveCfg = Debug|x64
		{2B527BE9-F5A4-42D3-8001-C60C7220ABAF}.Debug|x64.Build.0 = Debug|x64
		{2B527BE9-F5A4-42D3-8001-C60C7220ABAF}.Debug|x86.ActiveCfg = Debug|Win32
		{2B527BE9-F5A4-42D3-8001-C60C7220ABAF}.Debug|x86.Build.0 = Debug|Win32
		{2B527BE9-F5A4-42D3-8001-C60C7220ABAF}.Release|x64.ActiveCfg = Release|x64
		{2B527BE9-F5A4-42D3-8001-C60C7220ABAF}.Release|x64.Build.0 = Release|x64
		{2B527BE9-F5A4-42D3-8001-C60C7220ABAF}.Release|x86.ActiveCfg = Release|Win32
		{2B527BE9-F5A4-42D3-8001-C60C7220ABAF}.Release|x86.Build.0 = Release|Win32
	EndGlobalSection
	GlobalSection(SolutionProperties) = preSolution
		HideSolutionNode = FALSE
	EndGlobalSection
	GlobalSection(ExtensibilityGlobals) = postSolution
		SolutionGuid = {8F37BFF3-AC03-46D4-81F1-B4D254108DBD}
	EndGlobalSection
EndGlobal
